
Microsoft Visual Studio Solution File, Format Version 12.00
# Visual Studio 15
VisualStudioVersion = 15.0.28010.2036
MinimumVisualStudioVersion = 10.0.40219.1
Project("{FAE04EC0-301F-11D3-BF4B-00C04F79EFBC}") = "WindowsForms.Stock", "WindowsForms.Stock\WindowsForms.Stock.csproj", "{98D24C8C-0E6E-4A09-BBD0-76FAEAE4AD78}"
EndProject
Project("{FAE04EC0-301F-11D3-BF4B-00C04F79EFBC}") = "WindowsFormsApp1", "WindowsFormsApp1\WindowsFormsApp1.csproj", "{77A91702-A480-48F3-807D-88F830A8C6D0}"
EndProject
Project("{FAE04EC0-301F-11D3-BF4B-00C04F79EFBC}") = "ConsoleApp1", "ConsoleApp1\ConsoleApp1.csproj", "{589B1667-25BF-460C-AADC-1BD134F709BD}"
EndProject
Global
	GlobalSection(SolutionConfigurationPlatforms) = preSolution
		Debug|Any CPU = Debug|Any CPU
		Release|Any CPU = Release|Any CPU
	EndGlobalSection
	GlobalSection(ProjectConfigurationPlatforms) = postSolution
		{98D24C8C-0E6E-4A09-BBD0-76FAEAE4AD78}.Debug|Any CPU.ActiveCfg = Debug|Any CPU
		{98D24C8C-0E6E-4A09-BBD0-76FAEAE4AD78}.Debug|Any CPU.Build.0 = Debug|Any CPU
		{98D24C8C-0E6E-4A09-BBD0-76FAEAE4AD78}.Release|Any CPU.ActiveCfg = Release|Any CPU
		{98D24C8C-0E6E-4A09-BBD0-76FAEAE4AD78}.Release|Any CPU.Build.0 = Release|Any CPU
		{77A91702-A480-48F3-807D-88F830A8C6D0}.Debug|Any CPU.ActiveCfg = Debug|Any CPU
		{77A91702-A480-48F3-807D-88F830A8C6D0}.Debug|Any CPU.Build.0 = Debug|Any CPU
		{77A91702-A480-48F3-807D-88F830A8C6D0}.Release|Any CPU.ActiveCfg = Release|Any CPU
		{77A91702-A480-48F3-807D-88F830A8C6D0}.Release|Any CPU.Build.0 = Release|Any CPU
		{589B1667-25BF-460C-AADC-1BD134F709BD}.Debug|Any CPU.ActiveCfg = Debug|Any CPU
		{589B1667-25BF-460C-AADC-1BD134F709BD}.Debug|Any CPU.Build.0 = Debug|Any CPU
		{589B1667-25BF-460C-AADC-1BD134F709BD}.Release|Any CPU.ActiveCfg = Release|Any CPU
		{589B1667-25BF-460C-AADC-1BD134F709BD}.Release|Any CPU.Build.0 = Release|Any CPU
	EndGlobalSection
	GlobalSection(SolutionProperties) = preSolution
		HideSolutionNode = FALSE
	EndGlobalSection
	GlobalSection(ExtensibilityGlobals) = postSolution
		SolutionGuid = {BE02007A-ED3F-4F6B-8F95-CDDB82D59DAA}
	EndGlobalSection
EndGlobal
